
Microsoft Visual Studio Solution File, Format Version 12.00
# Visual Studio Version 17
VisualStudioVersion = 17.8.34511.84
MinimumVisualStudioVersion = 10.0.40219.1
Project("{FAE04EC0-301F-11D3-BF4B-00C04F79EFBC}") = "McQS", "McQS\McQS.csproj", "{041661E6-86BE-435D-B8DC-29FC33E18B39}"
EndProject
Global
	GlobalSection(SolutionConfigurationPlatforms) = preSolution
		Debug|Any CPU = Debug|Any CPU
		Release|Any CPU = Release|Any CPU
	EndGlobalSection
	GlobalSection(ProjectConfigurationPlatforms) = postSolution
		{041661E6-86BE-435D-B8DC-29FC33E18B39}.Debug|Any CPU.ActiveCfg = Debug|Any CPU
		{041661E6-86BE-435D-B8DC-29FC33E18B39}.Debug|Any CPU.Build.0 = Debug|Any CPU
		{041661E6-86BE-435D-B8DC-29FC33E18B39}.Release|Any CPU.ActiveCfg = Release|Any CPU
		{041661E6-86BE-435D-B8DC-29FC33E18B39}.Release|Any CPU.Build.0 = Release|Any CPU
	EndGlobalSection
	GlobalSection(SolutionProperties) = preSolution
		HideSolutionNode = FALSE
	EndGlobalSection
	GlobalSection(ExtensibilityGlobals) = postSolution
		SolutionGuid = {689BD73A-D9D0-476E-A9CA-D036A366F453}
	EndGlobalSection
EndGlobal
